# This file is autogenerated, do not edit; changes may be undone by the next 'dep ensure'.


[[projects]]
  branch = "master"
  digest = "1:678e9c21e58f0be5391963030e8f34f5897fca048495f0cb4ba3943d97b899f3"
  name = "github.com/TheThingsNetwork/api"
  packages = [
    ".",
    "broker",
    "discovery",
    "gateway",
    "handler",
    "protocol",
    "protocol/lorawan",
    "trace",
  ]
  pruneopts = "UT"
  revision = "22ad17f21fd52dca346a3bb4d4c9889dd9636f7d"

[[projects]]
  digest = "1:e1ac5937d0ced9102f3aa699de5d1cf6d3e38ca8b7a61d1b08d62e6d21a46578"
  name = "github.com/TheThingsNetwork/go-account-lib"
  packages = [
    "account",
    "auth",
    "cache",
    "claims",
    "scope",
    "tokenkey",
    "tokens",
    "util",
  ]
  pruneopts = "UT"
  revision = "8350c2859c3b2079544ceb435efdf15f83fd559f"
  version = "v2.0.3"

[[projects]]
  branch = "master"
  digest = "1:804d7910b1b660de50d1a19abd412090798d37f7074e00686ed71699c8fcb268"
  name = "github.com/TheThingsNetwork/go-app-sdk"
  packages = ["."]
  pruneopts = "UT"
  revision = "cc04392958e82a199efd758b734456f8e736617f"

[[projects]]
  branch = "master"
  digest = "1:c03fb6eac11e3a0252c844cbf27953f88857e6be22676957af5616843f71f164"
  name = "github.com/TheThingsNetwork/go-utils"
  packages = [
    "backoff",
    "grpc/restartstream",
    "grpc/rpcerror",
    "grpc/rpclog",
    "grpc/ttnctx",
    "handlers/cli",
    "log",
    "log/apex",
    "log/test",
    "pseudorandom",
    "random",
    "roots",
  ]
  pruneopts = "UT"
  revision = "94b302f97692ab162f91ef7fef84e7c32598c220"

[[projects]]
  digest = "1:93b70568b127ce37b0ee70592e61f1fdcf5a443f706157aea3ede1f4d5c2dba7"
  name = "github.com/TheThingsNetwork/ttn"
  packages = [
    "api/pool",
    "core/types",
    "mqtt",
    "utils/errors",
    "utils/random",
  ]
  pruneopts = "UT"
  revision = "30fef4cf5ff156407f21401fa76c3dec439eeea3"
  version = "v2.9.4"

[[projects]]
  digest = "1:5bbabe0c3c7e7f524b4c38193b80bf24624e67c0f3a036c4244c85c9a80579fd"
  name = "github.com/apex/log"
  packages = [
    ".",
    "handlers/text",
  ]
  pruneopts = "UT"
  revision = "0296d6eb16bb28f8a0c55668affcf4876dc269be"
  version = "v1.0.0"

[[projects]]
  digest = "1:d1b8cc6395a6253fdecb7dfb4d72121b0538fea87ad7e954837c39ae7043f39e"
  name = "github.com/asaskevich/govalidator"
  packages = ["."]
  pruneopts = "UT"
  revision = "6fcd5b427f532a5d13738b27415e00a49e36ceef"

[[projects]]
  branch = "master"
  digest = "1:d6afaeed1502aa28e80a4ed0981d570ad91b2579193404256ce672ed0a609e0d"
  name = "github.com/beorn7/perks"
  packages = ["quantile"]
  pruneopts = "UT"
  revision = "3a771d992973f24aa725d07868b467d1ddfceafb"

[[projects]]
  digest = "1:b0d1944be4baaa65c713bccf45fb501405496a4ada9ca028b186cc82d60dc975"
  name = "github.com/brocaar/lorawan"
  packages = [
    ".",
    "band",
  ]
  pruneopts = "UT"
  revision = "493811893ace2e3e4db4bb8e402ce28b72a04198"

[[projects]]
  digest = "1:6cb5bf34f3e3bb61e76d976f5bd29d245b567f208e1fd7cb8104b736a5eb649d"
  name = "github.com/dgrijalva/jwt-go"
  packages = ["."]
  pruneopts = "UT"
  revision = "a539ee1a749a2b895533f979515ac7e6e0f5b650"

[[projects]]
  digest = "1:184008c955d6a3226b700c13ed0e875a7a051a759618f9bccba9b5c99f17faa5"
  name = "github.com/eclipse/paho.mqtt.golang"
  packages = [
    ".",
    "packets",
  ]
  pruneopts = "UT"
  revision = "36d01c2b4cbeb3d2a12063e4880ce30800af9560"
  version = "v1.1.1"

[[projects]]
  digest = "1:3f7c586d2fd571c4f2e3d313c0638b33b999055de507d5f11fafe27e5adc30db"
  name = "github.com/gogo/protobuf"
  packages = [
    "gogoproto",
    "proto",
    "protoc-gen-gogo/descriptor",
    "sortkeys",
    "types",
  ]
  pruneopts = "UT"
  revision = "636bf0302bc95575d69441b25a2603156ffdddf1"
  version = "v1.1.1"

[[projects]]
  digest = "1:bc38c7c481812e178d85160472e231c5e1c9a7f5845d67e23ee4e706933c10d8"
  name = "github.com/golang/mock"
  packages = ["gomock"]
  pruneopts = "UT"
  revision = "c34cdb4725f4c3844d095133c6e40e448b86589b"
  version = "v1.1.1"

[[projects]]
  digest = "1:0a7ddae0f9b0357691225e6048e0d4ea0253d94f3f951808df3e0ad556051433"
  name = "github.com/golang/protobuf"
  packages = [
    "jsonpb",
    "proto",
    "protoc-gen-go/descriptor",
    "ptypes",
    "ptypes/any",
    "ptypes/duration",
    "ptypes/struct",
    "ptypes/timestamp",
  ]
  pruneopts = "UT"
  revision = "b4deda0973fb4c70b50d226b1af49f3da59f5265"
  version = "v1.1.0"

[[projects]]
  digest = "1:9b7a07ac7577787a8ecc1334cb9f34df1c76ed82a917d556c5713d3ab84fbc43"
  name = "github.com/grpc-ecosystem/go-grpc-prometheus"
  packages = ["."]
  pruneopts = "UT"
  revision = "c225b8c3b01faf2899099b768856a9e916e5087b"
  version = "v1.2.0"

[[projects]]
  digest = "1:6a06217fc753e65aea71446b777393009ef6797dadc0086c4f75bd16590be04d"
  name = "github.com/grpc-ecosystem/grpc-gateway"
  packages = [
    "runtime",
    "runtime/internal",
    "utilities",
  ]
  pruneopts = "UT"
  revision = "92583770e3f01b09a0d3e9bdf64321d8bebd48f2"
  version = "v1.4.1"

[[projects]]
  branch = "master"
  digest = "1:db71ee03c191f7f07cb8840e8072bfdef25248108d52d2c529cabb9f0f76a5ae"
  name = "github.com/jacobsa/crypto"
  packages = [
    "cmac",
    "common",
  ]
  pruneopts = "UT"
  revision = "c73681c634de898c869684602cf0c0d2ce938c4d"

[[projects]]
  digest = "1:ff5ebae34cfbf047d505ee150de27e60570e8c394b3b8fdbb720ff6ac71985fc"
  name = "github.com/matttproud/golang_protobuf_extensions"
  packages = ["pbutil"]
  pruneopts = "UT"
  revision = "c12348ce28de40eed0136aa2b644d0ee0650e56c"
  version = "v1.0.1"

[[projects]]
  digest = "1:59c6b3ed148b1888901239c91dda4e0491ce528ec14fe656c413428fe9c66970"
  name = "github.com/mwitkow/go-grpc-middleware"
  packages = ["."]
  pruneopts = "UT"
  revision = "6d3547c644afb325c16df96e3c7177ea6e2fdebd"

[[projects]]
  digest = "1:40e195917a951a8bf867cd05de2a46aaf1806c50cf92eebf4c16f78cd196f747"
  name = "github.com/pkg/errors"
  packages = ["."]
  pruneopts = "UT"
  revision = "645ef00459ed84a119197bfb8d8205042c6df63d"
  version = "v0.8.0"

[[projects]]
  digest = "1:b6221ec0f8903b556e127c449e7106b63e6867170c2d10a7c058623d086f2081"
  name = "github.com/prometheus/client_golang"
  packages = ["prometheus"]
  pruneopts = "UT"
  revision = "c5b7fccd204277076155f10851dad72b76a49317"
  version = "v0.8.0"

[[projects]]
  branch = "master"
  digest = "1:2d5cd61daa5565187e1d96bae64dbbc6080dacf741448e9629c64fd93203b0d4"
  name = "github.com/prometheus/client_model"
  packages = ["go"]
  pruneopts = "UT"
  revision = "5c3871d89910bfb32f5fcab2aa4b9ec68e65a99f"

[[projects]]
  branch = "master"
  digest = "1:e469cd65badf7694aeb44874518606d93c1d59e7735d3754ad442782437d3cc3"
  name = "github.com/prometheus/common"
  packages = [
    "expfmt",
    "internal/bitbucket.org/ww/goautoneg",
    "model",
  ]
  pruneopts = "UT"
  revision = "7600349dcfe1abd18d72d3a1770870d9800a7801"

[[projects]]
  branch = "master"
  digest = "1:20d9bb50dbee172242f9bcd6ec24a917dd7a5bb17421bf16a79c33111dea7db1"
  name = "github.com/prometheus/procfs"
  packages = [
    ".",
    "internal/util",
    "nfs",
    "xfs",
  ]
  pruneopts = "UT"
  revision = "ae68e2d4c00fed4943b5f6698d504a5fe083da8a"

[[projects]]
  digest = "1:7f7faf148cee89ac3dafe3ba751ee1a13fd83559726a8d281e6ee4cca60c2d82"
  name = "github.com/smartystreets/assertions"
  packages = [
    ".",
    "internal/go-render/render",
    "internal/oglematchers",
  ]
  pruneopts = "UT"
  revision = "0b37b35ec7434b77e77a4bb29b79677cced992ea"
  version = "1.8.1"

[[projects]]
  branch = "master"
  digest = "1:c2b57e5f2fc07090736110f3e6a09a034fc8c38dc94e796346efc461c65ff1bb"
  name = "golang.org/x/net"
  packages = [
    "context",
    "context/ctxhttp",
    "http/httpguts",
    "http2",
    "http2/hpack",
    "idna",
    "internal/socks",
    "internal/timeseries",
    "proxy",
    "trace",
    "websocket",
  ]
  pruneopts = "UT"
  revision = "a680a1efc54dd51c040b3b5ce4939ea3cf2ea0d1"

[[projects]]
  branch = "master"
  digest = "1:af19f6e6c369bf51ef226e989034cd88a45083173c02ac4d7ab74c9a90d356b7"
  name = "golang.org/x/oauth2"
  packages = [
    ".",
    "internal",
  ]
  pruneopts = "UT"
  revision = "ef147856a6ddbb60760db74283d2424e98c87bff"

[[projects]]
  digest = "1:a2ab62866c75542dd18d2b069fec854577a20211d7c0ea6ae746072a1dccdd18"
  name = "golang.org/x/text"
  packages = [
    "collate",
    "collate/build",
    "internal/colltab",
    "internal/gen",
    "internal/tag",
    "internal/triegen",
    "internal/ucd",
    "language",
    "secure/bidirule",
    "transform",
    "unicode/bidi",
    "unicode/cldr",
    "unicode/norm",
    "unicode/rangetable",
  ]
  pruneopts = "UT"
  revision = "f21a4dfb5e38f5895301dc265a8def02365cc3d0"
  version = "v0.3.0"

[[projects]]
  digest = "1:328b5e4f197d928c444a51a75385f4b978915c0e75521f0ad6a3db976c97a7d3"
  name = "google.golang.org/appengine"
  packages = [
    "internal",
    "internal/base",
    "internal/datastore",
    "internal/log",
    "internal/remote_api",
    "internal/urlfetch",
    "urlfetch",
  ]
  pruneopts = "UT"
  revision = "b1f26356af11148e710935ed1ac8a7f5702c7612"
  version = "v1.1.0"

[[projects]]
  branch = "master"
  digest = "1:eff11a4ed88d9d3e28dd697961c550af1c4d0d3dccdc6252715b9a65a1d541bb"
  name = "google.golang.org/genproto"
  packages = [
    "googleapis/api/annotations",
    "googleapis/rpc/status",
  ]
  pruneopts = "UT"
  revision = "fedd2861243fd1a8152376292b921b394c7bef7e"

[[projects]]
  digest = "1:2dab32a43451e320e49608ff4542fdfc653c95dcc35d0065ec9c6c3dd540ed74"
  name = "google.golang.org/grpc"
  packages = [
    ".",
    "balancer",
    "balancer/base",
    "balancer/roundrobin",
    "codes",
    "connectivity",
    "credentials",
    "encoding",
    "encoding/proto",
    "grpclog",
    "internal",
    "internal/backoff",
    "internal/channelz",
    "internal/grpcrand",
    "keepalive",
    "metadata",
    "naming",
    "peer",
    "resolver",
    "resolver/dns",
    "resolver/passthrough",
    "stats",
    "status",
    "tap",
    "transport",
  ]
  pruneopts = "UT"
  revision = "168a6198bcb0ef175f7dacec0b8691fc141dc9b8"
  version = "v1.13.0"

[[projects]]
  digest = "1:e5a1379b4f0cad2aabd75580598c3b8e19a027e8eed806e7b76b0ec949df4599"
  name = "gopkg.in/redis.v5"
  packages = [
    ".",
    "internal",
    "internal/consistenthash",
    "internal/hashtag",
    "internal/pool",
    "internal/proto",
  ]
  pruneopts = "UT"
  revision = "a16aeec10ff407b1e7be6dd35797ccf5426ef0f0"
  version = "v5.2.9"

[solve-meta]
  analyzer-name = "dep"
  analyzer-version = 1
  input-imports = [
    "github.com/TheThingsNetwork/api/discovery",
    "github.com/TheThingsNetwork/api/handler",
    "github.com/TheThingsNetwork/api/protocol/lorawan",
    "github.com/TheThingsNetwork/go-account-lib/account",
    "github.com/TheThingsNetwork/go-app-sdk",
    "github.com/TheThingsNetwork/go-utils/grpc/restartstream",
    "github.com/TheThingsNetwork/go-utils/grpc/rpclog",
    "github.com/TheThingsNetwork/go-utils/grpc/ttnctx",
    "github.com/TheThingsNetwork/go-utils/log",
    "github.com/TheThingsNetwork/go-utils/log/apex",
    "github.com/TheThingsNetwork/go-utils/log/test",
    "github.com/TheThingsNetwork/go-utils/random",
    "github.com/TheThingsNetwork/ttn/core/types",
    "github.com/TheThingsNetwork/ttn/mqtt",
    "github.com/gogo/protobuf/types",
    "github.com/mwitkow/go-grpc-middleware",
    "github.com/smartystreets/assertions",
    "golang.org/x/net/context",
    "google.golang.org/grpc",
    "google.golang.org/grpc/credentials",
  ]
  solver-name = "gps-cdcl"
  solver-version = 1
